{
  "nodes": {
    "nixpkgs": {
      "locked": {
        "lastModified": 1766070988,
        "narHash": "sha256-G/WVghka6c4bAzMhTwT2vjLccg/awmHkdKSd2JrycLc=",
        "owner": "nixos",
        "repo": "nixpkgs",
        "rev": "c6245e83d836d0433170a16eb185cefe0572f8b8",
        "type": "github"
      },
      "original": {
        "owner": "nixos",
        "ref": "nixos-unstable",
        "repo": "nixpkgs",
        "type": "github"
      }
    },
    "nvim-treesitter": {
      "flake": false,
      "locked": {
        "lastModified": 1766230815,
        "narHash": "sha256-+2PF6Q2uwRs/gbhKvR4jF8rYhe0HoZfwMwZCoZinp/o=",
        "owner": "nvim-treesitter",
        "repo": "nvim-treesitter",
        "rev": "8cdffc6d334731ce3703b6d870a5a34fd878208a",
        "type": "github"
      },
      "original": {
        "owner": "nvim-treesitter",
        "ref": "main",
        "repo": "nvim-treesitter",
        "type": "github"
      }
    },
    "nvim-treesitter-textobjects": {
      "flake": false,
      "locked": {
        "lastModified": 1766243280,
        "narHash": "sha256-hbVwqoo0WRTVKIhsG5N6IXnmOVrrQzGuE4x0rEMYro0=",
        "owner": "nvim-treesitter",
        "repo": "nvim-treesitter-textobjects",
        "rev": "e91c585ac0ee760198dabc1fad2e6227effdcd5e",
        "type": "github"
      },
      "original": {
        "owner": "nvim-treesitter",
        "ref": "main",
        "repo": "nvim-treesitter-textobjects",
        "type": "github"
      }
    },
    "root": {
      "inputs": {
        "nixpkgs": "nixpkgs",
        "nvim-treesitter": "nvim-treesitter",
        "nvim-treesitter-textobjects": "nvim-treesitter-textobjects"
      }
    }
  },
  "root": "root",
  "version": 7
}
