{
  "nodes": {
    "nixpkgs": {
      "locked": {
        "lastModified": 1763678758,
        "narHash": "sha256-+hBiJ+kG5IoffUOdlANKFflTT5nO3FrrR2CA3178Y5s=",
        "owner": "nixos",
        "repo": "nixpkgs",
        "rev": "117cc7f94e8072499b0a7aa4c52084fa4e11cc9b",
        "type": "github"
      },
      "original": {
        "owner": "nixos",
        "ref": "nixos-unstable",
        "repo": "nixpkgs",
        "type": "github"
      }
    },
    "nvim-treesitter": {
      "flake": false,
      "locked": {
        "lastModified": 1763546584,
        "narHash": "sha256-0m+dFTs6U93u3aCGMzETwVJjYnWgCu5wwYkUiqbdfFQ=",
        "owner": "nvim-treesitter",
        "repo": "nvim-treesitter",
        "rev": "bb83a676128d95c865e40ba71376d883bdadec14",
        "type": "github"
      },
      "original": {
        "owner": "nvim-treesitter",
        "ref": "main",
        "repo": "nvim-treesitter",
        "type": "github"
      }
    },
    "nvim-treesitter-textobjects": {
      "flake": false,
      "locked": {
        "lastModified": 1763121392,
        "narHash": "sha256-VUrpzaazSSo5KYJ/oOi2WH/QtpFDNFKs9CqqgO/tnmw=",
        "owner": "nvim-treesitter",
        "repo": "nvim-treesitter-textobjects",
        "rev": "227165aaeb07b567fb9c066f224816aa8f3ce63f",
        "type": "github"
      },
      "original": {
        "owner": "nvim-treesitter",
        "ref": "main",
        "repo": "nvim-treesitter-textobjects",
        "type": "github"
      }
    },
    "root": {
      "inputs": {
        "nixpkgs": "nixpkgs",
        "nvim-treesitter": "nvim-treesitter",
        "nvim-treesitter-textobjects": "nvim-treesitter-textobjects"
      }
    }
  },
  "root": "root",
  "version": 7
}
